
Microsoft Visual Studio Solution File, Format Version 12.00
# Visual Studio Version 16
VisualStudioVersion = 16.0.28917.181
MinimumVisualStudioVersion = 10.0.40219.1
Project("{FAE04EC0-301F-11D3-BF4B-00C04F79EFBC}") = "Calculator.Console", "Calculator.Console\Calculator.Console.csproj", "{8B6F0C23-7113-4CD5-8B99-75BCCB91AB4B}"
EndProject
Project("{FAE04EC0-301F-11D3-BF4B-00C04F79EFBC}") = "Calculator.Lib", "Calculator.Lib\Calculator.Lib.csproj", "{B75992B1-ACF4-420A-9CC0-7D9D06E4E462}"
EndProject
Project("{FAE04EC0-301F-11D3-BF4B-00C04F79EFBC}") = "Calculator.Win", "Calculator.Win\Calculator.Win.csproj", "{72238B7D-79C9-4878-9E76-18F2B1CA9EC4}"
EndProject
Global
	GlobalSection(SolutionConfigurationPlatforms) = preSolution
		Debug|Any CPU = Debug|Any CPU
		Release|Any CPU = Release|Any CPU
	EndGlobalSection
	GlobalSection(ProjectConfigurationPlatforms) = postSolution
		{8B6F0C23-7113-4CD5-8B99-75BCCB91AB4B}.Debug|Any CPU.ActiveCfg = Debug|Any CPU
		{8B6F0C23-7113-4CD5-8B99-75BCCB91AB4B}.Debug|Any CPU.Build.0 = Debug|Any CPU
		{8B6F0C23-7113-4CD5-8B99-75BCCB91AB4B}.Release|Any CPU.ActiveCfg = Release|Any CPU
		{8B6F0C23-7113-4CD5-8B99-75BCCB91AB4B}.Release|Any CPU.Build.0 = Release|Any CPU
		{B75992B1-ACF4-420A-9CC0-7D9D06E4E462}.Debug|Any CPU.ActiveCfg = Debug|Any CPU
		{B75992B1-ACF4-420A-9CC0-7D9D06E4E462}.Debug|Any CPU.Build.0 = Debug|Any CPU
		{B75992B1-ACF4-420A-9CC0-7D9D06E4E462}.Release|Any CPU.ActiveCfg = Release|Any CPU
		{B75992B1-ACF4-420A-9CC0-7D9D06E4E462}.Release|Any CPU.Build.0 = Release|Any CPU
		{72238B7D-79C9-4878-9E76-18F2B1CA9EC4}.Debug|Any CPU.ActiveCfg = Debug|Any CPU
		{72238B7D-79C9-4878-9E76-18F2B1CA9EC4}.Debug|Any CPU.Build.0 = Debug|Any CPU
		{72238B7D-79C9-4878-9E76-18F2B1CA9EC4}.Release|Any CPU.ActiveCfg = Release|Any CPU
		{72238B7D-79C9-4878-9E76-18F2B1CA9EC4}.Release|Any CPU.Build.0 = Release|Any CPU
	EndGlobalSection
	GlobalSection(SolutionProperties) = preSolution
		HideSolutionNode = FALSE
	EndGlobalSection
	GlobalSection(ExtensibilityGlobals) = postSolution
		SolutionGuid = {CA220188-8899-4C08-A62D-EAAFC06EFC35}
	EndGlobalSection
EndGlobal
